
Microsoft Visual Studio Solution File, Format Version 11.00
# Visual Studio 2010
Project("{2150E333-8FDC-42A3-9474-1A3956D46DE8}") = "Solution Items", "Solution Items", "{887CFA57-B8B9-473F-BE61-18E471DC1FB1}"
EndProject
Project("{FAE04EC0-301F-11D3-BF4B-00C04F79EFBC}") = "EERIL.ControlSystem", "ERRI.ControlSystem\EERIL.ControlSystem.csproj", "{8A9EDF39-419A-4243-A858-5AB83128116E}"
EndProject
Project("{FAE04EC0-301F-11D3-BF4B-00C04F79EFBC}") = "EERIL.DeviceControls", "ERRI.DeviceControls\EERIL.DeviceControls.csproj", "{1172188C-168A-42E6-8806-01C33A08529E}"
EndProject
Global
	GlobalSection(SolutionConfigurationPlatforms) = preSolution
		Debug|Any CPU = Debug|Any CPU
		Debug|Itanium = Debug|Itanium
		Debug|Mixed Platforms = Debug|Mixed Platforms
		Debug|x64 = Debug|x64
		Debug|x86 = Debug|x86
		Release|Any CPU = Release|Any CPU
		Release|Itanium = Release|Itanium
		Release|Mixed Platforms = Release|Mixed Platforms
		Release|x64 = Release|x64
		Release|x86 = Release|x86
	EndGlobalSection
	GlobalSection(ProjectConfigurationPlatforms) = postSolution
		{8A9EDF39-419A-4243-A858-5AB83128116E}.Debug|Any CPU.ActiveCfg = Debug|x86
		{8A9EDF39-419A-4243-A858-5AB83128116E}.Debug|Itanium.ActiveCfg = Debug|x86
		{8A9EDF39-419A-4243-A858-5AB83128116E}.Debug|Mixed Platforms.ActiveCfg = Debug|x86
		{8A9EDF39-419A-4243-A858-5AB83128116E}.Debug|Mixed Platforms.Build.0 = Debug|x86
		{8A9EDF39-419A-4243-A858-5AB83128116E}.Debug|x64.ActiveCfg = Debug|x86
		{8A9EDF39-419A-4243-A858-5AB83128116E}.Debug|x64.Build.0 = Debug|x86
		{8A9EDF39-419A-4243-A858-5AB83128116E}.Debug|x86.ActiveCfg = Debug|x86
		{8A9EDF39-419A-4243-A858-5AB83128116E}.Debug|x86.Build.0 = Debug|x86
		{8A9EDF39-419A-4243-A858-5AB83128116E}.Release|Any CPU.ActiveCfg = Release|x86
		{8A9EDF39-419A-4243-A858-5AB83128116E}.Release|Itanium.ActiveCfg = Release|x86
		{8A9EDF39-419A-4243-A858-5AB83128116E}.Release|Mixed Platforms.ActiveCfg = Release|x86
		{8A9EDF39-419A-4243-A858-5AB83128116E}.Release|Mixed Platforms.Build.0 = Release|x86
		{8A9EDF39-419A-4243-A858-5AB83128116E}.Release|x64.ActiveCfg = Release|x86
		{8A9EDF39-419A-4243-A858-5AB83128116E}.Release|x86.ActiveCfg = Release|x86
		{8A9EDF39-419A-4243-A858-5AB83128116E}.Release|x86.Build.0 = Release|x86
		{1172188C-168A-42E6-8806-01C33A08529E}.Debug|Any CPU.ActiveCfg = Debug|x64
		{1172188C-168A-42E6-8806-01C33A08529E}.Debug|Itanium.ActiveCfg = Debug|x64
		{1172188C-168A-42E6-8806-01C33A08529E}.Debug|Mixed Platforms.ActiveCfg = Debug|x86
		{1172188C-168A-42E6-8806-01C33A08529E}.Debug|Mixed Platforms.Build.0 = Debug|x86
		{1172188C-168A-42E6-8806-01C33A08529E}.Debug|x64.ActiveCfg = Debug|x64
		{1172188C-168A-42E6-8806-01C33A08529E}.Debug|x86.ActiveCfg = Debug|x64
		{1172188C-168A-42E6-8806-01C33A08529E}.Release|Any CPU.ActiveCfg = Release|x64
		{1172188C-168A-42E6-8806-01C33A08529E}.Release|Itanium.ActiveCfg = Release|x64
		{1172188C-168A-42E6-8806-01C33A08529E}.Release|Mixed Platforms.ActiveCfg = Release|x64
		{1172188C-168A-42E6-8806-01C33A08529E}.Release|Mixed Platforms.Build.0 = Release|x64
		{1172188C-168A-42E6-8806-01C33A08529E}.Release|x64.ActiveCfg = Release|x64
		{1172188C-168A-42E6-8806-01C33A08529E}.Release|x64.Build.0 = Release|x64
		{1172188C-168A-42E6-8806-01C33A08529E}.Release|x86.ActiveCfg = Release|x64
	EndGlobalSection
	GlobalSection(SolutionProperties) = preSolution
		HideSolutionNode = FALSE
	EndGlobalSection
EndGlobal
